{
  "name": "poc-opencode-server",
  "version": "1.0.0",
  "lockfileVersion": 3,
  "requires": true,
  "packages": {
    "": {
      "name": "poc-opencode-server",
      "version": "1.0.0",
      "license": "ISC",
      "dependencies": {
        "@agentclientprotocol/sdk": "^0.13.1"
      }
    },
    "node_modules/@agentclientprotocol/sdk": {
      "version": "0.13.1",
      "resolved": "https://registry.npmjs.org/@agentclientprotocol/sdk/-/sdk-0.13.1.tgz",
      "integrity": "sha512-6byvu+F/xc96GBkdAx4hq6/tB3vT63DSBO4i3gYCz8nuyZMerVFna2Gkhm8EHNpZX0J9DjUxzZCW+rnHXUg0FA==",
      "license": "Apache-2.0",
      "peerDependencies": {
        "zod": "^3.25.0 || ^4.0.0"
      }
    },
    "node_modules/zod": {
      "version": "4.3.6",
      "resolved": "https://registry.npmjs.org/zod/-/zod-4.3.6.tgz",
      "integrity": "sha512-rftlrkhHZOcjDwkGlnUtZZkvaPHCsDATp4pGpuOOMDaTdDDXF91wuVDJoWoPsKX/3YPQ5fHuF3STjcYyKr+Qhg==",
      "license": "MIT",
      "peer": true,
      "funding": {
        "url": "https://github.com/sponsors/colinhacks"
      }
    }
  }
}
